
Microsoft Visual Studio Solution File, Format Version 12.00
# Visual Studio 15
VisualStudioVersion = 15.0.28307.1022
MinimumVisualStudioVersion = 10.0.40219.1
Project("{FAE04EC0-301F-11D3-BF4B-00C04F79EFBC}") = "BlExponencial", "BlExponencial\BlExponencial.csproj", "{E838B618-14E3-430B-B4A9-CD780ADF30BE}"
EndProject
Global
	GlobalSection(SolutionConfigurationPlatforms) = preSolution
		Debug|Any CPU = Debug|Any CPU
		Release|Any CPU = Release|Any CPU
	EndGlobalSection
	GlobalSection(ProjectConfigurationPlatforms) = postSolution
		{E838B618-14E3-430B-B4A9-CD780ADF30BE}.Debug|Any CPU.ActiveCfg = Debug|Any CPU
		{E838B618-14E3-430B-B4A9-CD780ADF30BE}.Debug|Any CPU.Build.0 = Debug|Any CPU
		{E838B618-14E3-430B-B4A9-CD780ADF30BE}.Release|Any CPU.ActiveCfg = Release|Any CPU
		{E838B618-14E3-430B-B4A9-CD780ADF30BE}.Release|Any CPU.Build.0 = Release|Any CPU
	EndGlobalSection
	GlobalSection(SolutionProperties) = preSolution
		HideSolutionNode = FALSE
	EndGlobalSection
	GlobalSection(ExtensibilityGlobals) = postSolution
		SolutionGuid = {6FBBD6CF-7BE0-4CAA-B002-F6DB206465DD}
	EndGlobalSection
EndGlobal
