
Microsoft Visual Studio Solution File, Format Version 12.00
# Visual Studio Version 17
VisualStudioVersion = 17.5.33414.496
MinimumVisualStudioVersion = 10.0.40219.1
Project("{FAE04EC0-301F-11D3-BF4B-00C04F79EFBC}") = "Moda", "Moda.csproj", "{6D306B86-A44F-4EFE-BBA6-35E9CF0FD642}"
EndProject
Global
	GlobalSection(SolutionConfigurationPlatforms) = preSolution
		Debug|Any CPU = Debug|Any CPU
		Release|Any CPU = Release|Any CPU
	EndGlobalSection
	GlobalSection(ProjectConfigurationPlatforms) = postSolution
		{6D306B86-A44F-4EFE-BBA6-35E9CF0FD642}.Debug|Any CPU.ActiveCfg = Debug|Any CPU
		{6D306B86-A44F-4EFE-BBA6-35E9CF0FD642}.Debug|Any CPU.Build.0 = Debug|Any CPU
		{6D306B86-A44F-4EFE-BBA6-35E9CF0FD642}.Release|Any CPU.ActiveCfg = Release|Any CPU
		{6D306B86-A44F-4EFE-BBA6-35E9CF0FD642}.Release|Any CPU.Build.0 = Release|Any CPU
	EndGlobalSection
	GlobalSection(SolutionProperties) = preSolution
		HideSolutionNode = FALSE
	EndGlobalSection
	GlobalSection(ExtensibilityGlobals) = postSolution
		SolutionGuid = {5027CFF4-7B19-4E24-AE6B-36DC1F22B291}
	EndGlobalSection
EndGlobal
