
Microsoft Visual Studio Solution File, Format Version 12.00
# Visual Studio Version 17
VisualStudioVersion = 17.2.32630.192
MinimumVisualStudioVersion = 10.0.40219.1
Project("{FAE04EC0-301F-11D3-BF4B-00C04F79EFBC}") = "BlTangente", "BlTangente.csproj", "{122467A5-1998-43F4-AD7E-22F677E1328D}"
EndProject
Global
	GlobalSection(SolutionConfigurationPlatforms) = preSolution
		Debug|Any CPU = Debug|Any CPU
		Release|Any CPU = Release|Any CPU
	EndGlobalSection
	GlobalSection(ProjectConfigurationPlatforms) = postSolution
		{122467A5-1998-43F4-AD7E-22F677E1328D}.Debug|Any CPU.ActiveCfg = Debug|Any CPU
		{122467A5-1998-43F4-AD7E-22F677E1328D}.Debug|Any CPU.Build.0 = Debug|Any CPU
		{122467A5-1998-43F4-AD7E-22F677E1328D}.Release|Any CPU.ActiveCfg = Release|Any CPU
		{122467A5-1998-43F4-AD7E-22F677E1328D}.Release|Any CPU.Build.0 = Release|Any CPU
	EndGlobalSection
	GlobalSection(SolutionProperties) = preSolution
		HideSolutionNode = FALSE
	EndGlobalSection
	GlobalSection(ExtensibilityGlobals) = postSolution
		SolutionGuid = {33D83780-395E-4FAE-A5D6-825BF22A7A11}
	EndGlobalSection
EndGlobal
